{
    "name": "multifrost",
    "version": "3.0.0",
    "lockfileVersion": 3,
    "requires": true,
    "packages": {
        "": {
            "name": "multifrost",
            "version": "3.0.0",
            "license": "MIT",
            "dependencies": {
                "msgpackr": "^1.11.8",
                "pidusage": "^4.0.1",
                "proper-lockfile": "^4.1.2",
                "zeromq": "^6.5.0"
            },
            "devDependencies": {
                "@types/node": "^22.19.11"
            }
        },
        "node_modules/@msgpackr-extract/msgpackr-extract-darwin-arm64": {
            "version": "3.0.3",
            "resolved": "https://registry.npmjs.org/@msgpackr-extract/msgpackr-extract-darwin-arm64/-/msgpackr-extract-darwin-arm64-3.0.3.tgz",
            "integrity": "sha512-QZHtlVgbAdy2zAqNA9Gu1UpIuI8Xvsd1v8ic6B2pZmeFnFcMWiPLfWXh7TVw4eGEZ/C9TH281KwhVoeQUKbyjw==",
            "cpu": [
                "arm64"
            ],
            "license": "MIT",
            "optional": true,
            "os": [
                "darwin"
            ]
        },
        "node_modules/@msgpackr-extract/msgpackr-extract-darwin-x64": {
            "version": "3.0.3",
            "resolved": "https://registry.npmjs.org/@msgpackr-extract/msgpackr-extract-darwin-x64/-/msgpackr-extract-darwin-x64-3.0.3.tgz",
            "integrity": "sha512-mdzd3AVzYKuUmiWOQ8GNhl64/IoFGol569zNRdkLReh6LRLHOXxU4U8eq0JwaD8iFHdVGqSy4IjFL4reoWCDFw==",
            "cpu": [
                "x64"
            ],
            "license": "MIT",
            "optional": true,
            "os": [
                "darwin"
            ]
        },
        "node_modules/@msgpackr-extract/msgpackr-extract-linux-arm": {
            "version": "3.0.3",
            "resolved": "https://registry.npmjs.org/@msgpackr-extract/msgpackr-extract-linux-arm/-/msgpackr-extract-linux-arm-3.0.3.tgz",
            "integrity": "sha512-fg0uy/dG/nZEXfYilKoRe7yALaNmHoYeIoJuJ7KJ+YyU2bvY8vPv27f7UKhGRpY6euFYqEVhxCFZgAUNQBM3nw==",
            "cpu": [
                "arm"
            ],
            "license": "MIT",
            "optional": true,
            "os": [
                "linux"
            ]
        },
        "node_modules/@msgpackr-extract/msgpackr-extract-linux-arm64": {
            "version": "3.0.3",
            "resolved": "https://registry.npmjs.org/@msgpackr-extract/msgpackr-extract-linux-arm64/-/msgpackr-extract-linux-arm64-3.0.3.tgz",
            "integrity": "sha512-YxQL+ax0XqBJDZiKimS2XQaf+2wDGVa1enVRGzEvLLVFeqa5kx2bWbtcSXgsxjQB7nRqqIGFIcLteF/sHeVtQg==",
            "cpu": [
                "arm64"
            ],
            "license": "MIT",
            "optional": true,
            "os": [
                "linux"
            ]
        },
        "node_modules/@msgpackr-extract/msgpackr-extract-linux-x64": {
            "version": "3.0.3",
            "resolved": "https://registry.npmjs.org/@msgpackr-extract/msgpackr-extract-linux-x64/-/msgpackr-extract-linux-x64-3.0.3.tgz",
            "integrity": "sha512-cvwNfbP07pKUfq1uH+S6KJ7dT9K8WOE4ZiAcsrSes+UY55E/0jLYc+vq+DO7jlmqRb5zAggExKm0H7O/CBaesg==",
            "cpu": [
                "x64"
            ],
            "license": "MIT",
            "optional": true,
            "os": [
                "linux"
            ]
        },
        "node_modules/@msgpackr-extract/msgpackr-extract-win32-x64": {
            "version": "3.0.3",
            "resolved": "https://registry.npmjs.org/@msgpackr-extract/msgpackr-extract-win32-x64/-/msgpackr-extract-win32-x64-3.0.3.tgz",
            "integrity": "sha512-x0fWaQtYp4E6sktbsdAqnehxDgEc/VwM7uLsRCYWaiGu0ykYdZPiS8zCWdnjHwyiumousxfBm4SO31eXqwEZhQ==",
            "cpu": [
                "x64"
            ],
            "license": "MIT",
            "optional": true,
            "os": [
                "win32"
            ]
        },
        "node_modules/@types/node": {
            "version": "22.19.11",
            "resolved": "https://registry.npmjs.org/@types/node/-/node-22.19.11.tgz",
            "integrity": "sha512-BH7YwL6rA93ReqeQS1c4bsPpcfOmJasG+Fkr6Y59q83f9M1WcBRHR2vM+P9eOisYRcN3ujQoiZY8uk5W+1WL8w==",
            "dev": true,
            "license": "MIT",
            "dependencies": {
                "undici-types": "~6.21.0"
            }
        },
        "node_modules/cmake-ts": {
            "version": "1.0.2",
            "resolved": "https://registry.npmjs.org/cmake-ts/-/cmake-ts-1.0.2.tgz",
            "integrity": "sha512-5l++JHE7MxFuyV/OwJf3ek7ZZN1aGPFPM5oUz6AnK5inQAPe4TFXRMz5sA2qg2FRgByPWdqO+gSfIPo8GzoKNQ==",
            "license": "MIT",
            "bin": {
                "cmake-ts": "build/main.js"
            }
        },
        "node_modules/detect-libc": {
            "version": "2.1.2",
            "resolved": "https://registry.npmjs.org/detect-libc/-/detect-libc-2.1.2.tgz",
            "integrity": "sha512-Btj2BOOO83o3WyH59e8MgXsxEQVcarkUOpEYrubB0urwnN10yQ364rsiByU11nZlqWYZm05i/of7io4mzihBtQ==",
            "license": "Apache-2.0",
            "optional": true,
            "engines": {
                "node": ">=8"
            }
        },
        "node_modules/graceful-fs": {
            "version": "4.2.11",
            "resolved": "https://registry.npmjs.org/graceful-fs/-/graceful-fs-4.2.11.tgz",
            "integrity": "sha512-RbJ5/jmFcNNCcDV5o9eTnBLJ/HszWV0P73bc+Ff4nS/rJj+YaS6IGyiOL0VoBYX+l1Wrl3k63h/KrH+nhJ0XvQ==",
            "license": "ISC"
        },
        "node_modules/msgpackr": {
            "version": "1.11.8",
            "resolved": "https://registry.npmjs.org/msgpackr/-/msgpackr-1.11.8.tgz",
            "integrity": "sha512-bC4UGzHhVvgDNS7kn9tV8fAucIYUBuGojcaLiz7v+P63Lmtm0Xeji8B/8tYKddALXxJLpwIeBmUN3u64C4YkRA==",
            "license": "MIT",
            "optionalDependencies": {
                "msgpackr-extract": "^3.0.2"
            }
        },
        "node_modules/msgpackr-extract": {
            "version": "3.0.3",
            "resolved": "https://registry.npmjs.org/msgpackr-extract/-/msgpackr-extract-3.0.3.tgz",
            "integrity": "sha512-P0efT1C9jIdVRefqjzOQ9Xml57zpOXnIuS+csaB4MdZbTdmGDLo8XhzBG1N7aO11gKDDkJvBLULeFTo46wwreA==",
            "hasInstallScript": true,
            "license": "MIT",
            "optional": true,
            "dependencies": {
                "node-gyp-build-optional-packages": "5.2.2"
            },
            "bin": {
                "download-msgpackr-prebuilds": "bin/download-prebuilds.js"
            },
            "optionalDependencies": {
                "@msgpackr-extract/msgpackr-extract-darwin-arm64": "3.0.3",
                "@msgpackr-extract/msgpackr-extract-darwin-x64": "3.0.3",
                "@msgpackr-extract/msgpackr-extract-linux-arm": "3.0.3",
                "@msgpackr-extract/msgpackr-extract-linux-arm64": "3.0.3",
                "@msgpackr-extract/msgpackr-extract-linux-x64": "3.0.3",
                "@msgpackr-extract/msgpackr-extract-win32-x64": "3.0.3"
            }
        },
        "node_modules/node-addon-api": {
            "version": "8.5.0",
            "resolved": "https://registry.npmjs.org/node-addon-api/-/node-addon-api-8.5.0.tgz",
            "integrity": "sha512-/bRZty2mXUIFY/xU5HLvveNHlswNJej+RnxBjOMkidWfwZzgTbPG1E3K5TOxRLOR+5hX7bSofy8yf1hZevMS8A==",
            "license": "MIT",
            "engines": {
                "node": "^18 || ^20 || >= 21"
            }
        },
        "node_modules/node-gyp-build-optional-packages": {
            "version": "5.2.2",
            "resolved": "https://registry.npmjs.org/node-gyp-build-optional-packages/-/node-gyp-build-optional-packages-5.2.2.tgz",
            "integrity": "sha512-s+w+rBWnpTMwSFbaE0UXsRlg7hU4FjekKU4eyAih5T8nJuNZT1nNsskXpxmeqSK9UzkBl6UgRlnKc8hz8IEqOw==",
            "license": "MIT",
            "optional": true,
            "dependencies": {
                "detect-libc": "^2.0.1"
            },
            "bin": {
                "node-gyp-build-optional-packages": "bin.js",
                "node-gyp-build-optional-packages-optional": "optional.js",
                "node-gyp-build-optional-packages-test": "build-test.js"
            }
        },
        "node_modules/pidusage": {
            "version": "4.0.1",
            "resolved": "https://registry.npmjs.org/pidusage/-/pidusage-4.0.1.tgz",
            "integrity": "sha512-yCH2dtLHfEBnzlHUJymR/Z1nN2ePG3m392Mv8TFlTP1B0xkpMQNHAnfkY0n2tAi6ceKO6YWhxYfZ96V4vVkh/g==",
            "license": "MIT",
            "dependencies": {
                "safe-buffer": "^5.2.1"
            },
            "engines": {
                "node": ">=18"
            }
        },
        "node_modules/proper-lockfile": {
            "version": "4.1.2",
            "resolved": "https://registry.npmjs.org/proper-lockfile/-/proper-lockfile-4.1.2.tgz",
            "integrity": "sha512-TjNPblN4BwAWMXU8s9AEz4JmQxnD1NNL7bNOY/AKUzyamc379FWASUhc/K1pL2noVb+XmZKLL68cjzLsiOAMaA==",
            "license": "MIT",
            "dependencies": {
                "graceful-fs": "^4.2.4",
                "retry": "^0.12.0",
                "signal-exit": "^3.0.2"
            }
        },
        "node_modules/retry": {
            "version": "0.12.0",
            "resolved": "https://registry.npmjs.org/retry/-/retry-0.12.0.tgz",
            "integrity": "sha512-9LkiTwjUh6rT555DtE9rTX+BKByPfrMzEAtnlEtdEwr3Nkffwiihqe2bWADg+OQRjt9gl6ICdmB/ZFDCGAtSow==",
            "license": "MIT",
            "engines": {
                "node": ">= 4"
            }
        },
        "node_modules/safe-buffer": {
            "version": "5.2.1",
            "resolved": "https://registry.npmjs.org/safe-buffer/-/safe-buffer-5.2.1.tgz",
            "integrity": "sha512-rp3So07KcdmmKbGvgaNxQSJr7bGVSVk5S9Eq1F+ppbRo70+YeaDxkw5Dd8NPN+GD6bjnYm2VuPuCXmpuYvmCXQ==",
            "funding": [
                {
                    "type": "github",
                    "url": "https://github.com/sponsors/feross"
                },
                {
                    "type": "patreon",
                    "url": "https://www.patreon.com/feross"
                },
                {
                    "type": "consulting",
                    "url": "https://feross.org/support"
                }
            ],
            "license": "MIT"
        },
        "node_modules/signal-exit": {
            "version": "3.0.7",
            "resolved": "https://registry.npmjs.org/signal-exit/-/signal-exit-3.0.7.tgz",
            "integrity": "sha512-wnD2ZE+l+SPC/uoS0vXeE9L1+0wuaMqKlfz9AMUo38JsyLSBWSFcHR1Rri62LZc12vLr1gb3jl7iwQhgwpAbGQ==",
            "license": "ISC"
        },
        "node_modules/undici-types": {
            "version": "6.21.0",
            "resolved": "https://registry.npmjs.org/undici-types/-/undici-types-6.21.0.tgz",
            "integrity": "sha512-iwDZqg0QAGrg9Rav5H4n0M64c3mkR59cJ6wQp+7C4nI0gsmExaedaYLNO44eT4AtBBwjbTiGPMlt2Md0T9H9JQ==",
            "dev": true,
            "license": "MIT"
        },
        "node_modules/zeromq": {
            "version": "6.5.0",
            "resolved": "https://registry.npmjs.org/zeromq/-/zeromq-6.5.0.tgz",
            "integrity": "sha512-vWOrt19lvcXTxu5tiHXfEGQuldSlU+qZn2TT+4EbRQzaciWGwNZ99QQTolQOmcwVgZLodv+1QfC6UZs2PX/6pQ==",
            "hasInstallScript": true,
            "license": "MIT AND MPL-2.0",
            "dependencies": {
                "cmake-ts": "1.0.2",
                "node-addon-api": "^8.3.1"
            },
            "engines": {
                "node": ">= 12"
            }
        }
    }
}
